
Microsoft Visual Studio Solution File, Format Version 12.00
# Visual Studio Version 17
VisualStudioVersion = 17.7.34221.43
MinimumVisualStudioVersion = 10.0.40219.1
Project("{FAE04EC0-301F-11D3-BF4B-00C04F79EFBC}") = "8Ball", "8Ball\8Ball.csproj", "{FD82D69D-9007-430B-A010-F2C69B39FDEC}"
EndProject
Global
	GlobalSection(SolutionConfigurationPlatforms) = preSolution
		Debug|Any CPU = Debug|Any CPU
		Release|Any CPU = Release|Any CPU
	EndGlobalSection
	GlobalSection(ProjectConfigurationPlatforms) = postSolution
		{FD82D69D-9007-430B-A010-F2C69B39FDEC}.Debug|Any CPU.ActiveCfg = Debug|Any CPU
		{FD82D69D-9007-430B-A010-F2C69B39FDEC}.Debug|Any CPU.Build.0 = Debug|Any CPU
		{FD82D69D-9007-430B-A010-F2C69B39FDEC}.Release|Any CPU.ActiveCfg = Release|Any CPU
		{FD82D69D-9007-430B-A010-F2C69B39FDEC}.Release|Any CPU.Build.0 = Release|Any CPU
	EndGlobalSection
	GlobalSection(SolutionProperties) = preSolution
		HideSolutionNode = FALSE
	EndGlobalSection
	GlobalSection(ExtensibilityGlobals) = postSolution
		SolutionGuid = {B5A7ED5F-7A84-4EC8-92C9-116E30EBB60C}
	EndGlobalSection
EndGlobal
